// !$*UTF8*$!
{
	archiveVersion = 1;
	classes = {
	};
	objectVersion = 56;
	objects = {

/* Begin PBXBuildFile section */
		3D267CDF2A4FC7F800A286B1 /* AppDelegate.swift in Sources */ = {isa = PBXBuildFile; fileRef = 3D267CDE2A4FC7F800A286B1 /* AppDelegate.swift */; };
		3D267CE12A4FC7F800A286B1 /* ContentView.swift in Sources */ = {isa = PBXBuildFile; fileRef = 3D267CE02A4FC7F800A286B1 /* ContentView.swift */; };
		3D267CE52A4FC7F900A286B1 /* Assets.xcassets in Resources */ = {isa = PBXBuildFile; fileRef = 3D267CE42A4FC7F900A286B1 /* Assets.xcassets */; };
		3D267CE82A4FC7F900A286B1 /* Preview Assets.xcassets in Resources */ = {isa = PBXBuildFile; fileRef = 3D267CE72A4FC7F900A286B1 /* Preview Assets.xcassets */; };
		3D267CF32A4FC9F800A286B1 /* ARViewContainer.swift in Sources */ = {isa = PBXBuildFile; fileRef = 3D267CF22A4FC9F800A286B1 /* ARViewContainer.swift */; };
		3D267CF52A4FCA2600A286B1 /* ButtonBarView.swift in Sources */ = {isa = PBXBuildFile; fileRef = 3D267CF42A4FCA2600A286B1 /* ButtonBarView.swift */; };
		3D267CF72A4FCA6300A286B1 /* TDText.swift in Sources */ = {isa = PBXBuildFile; fileRef = 3D267CF62A4FCA6300A286B1 /* TDText.swift */; };
		3D6A9C872A57539700BCE2A1 /* InputBarView.swift in Sources */ = {isa = PBXBuildFile; fileRef = 3D6A9C862A57539700BCE2A1 /* InputBarView.swift */; };
		3DC62D862A5254B0001D5E6C /* StartScreen.swift in Sources */ = {isa = PBXBuildFile; fileRef = 3DC62D852A5254B0001D5E6C /* StartScreen.swift */; };
		3DD646CF2A58B5DD007A44AA /* AdaptsToKeyboard.swift in Sources */ = {isa = PBXBuildFile; fileRef = 3DD646CE2A58B5DD007A44AA /* AdaptsToKeyboard.swift */; };
/* End PBXBuildFile section */

/* Begin PBXFileReference section */
		3D267CDB2A4FC7F800A286B1 /* IAmRich.app */ = {isa = PBXFileReference; explicitFileType = wrapper.application; includeInIndex = 0; path = IAmRich.app; sourceTree = BUILT_PRODUCTS_DIR; };
		3D267CDE2A4FC7F800A286B1 /* AppDelegate.swift */ = {isa = PBXFileReference; lastKnownFileType = sourcecode.swift; path = AppDelegate.swift; sourceTree = "<group>"; };
		3D267CE02A4FC7F800A286B1 /* ContentView.swift */ = {isa = PBXFileReference; lastKnownFileType = sourcecode.swift; path = ContentView.swift; sourceTree = "<group>"; };
		3D267CE42A4FC7F900A286B1 /* Assets.xcassets */ = {isa = PBXFileReference; lastKnownFileType = folder.assetcatalog; path = Assets.xcassets; sourceTree = "<group>"; };
		3D267CE72A4FC7F900A286B1 /* Preview Assets.xcassets */ = {isa = PBXFileReference; lastKnownFileType = folder.assetcatalog; path = "Preview Assets.xcassets"; sourceTree = "<group>"; };
		3D267CF22A4FC9F800A286B1 /* ARViewContainer.swift */ = {isa = PBXFileReference; lastKnownFileType = sourcecode.swift; path = ARViewContainer.swift; sourceTree = "<group>"; };
		3D267CF42A4FCA2600A286B1 /* ButtonBarView.swift */ = {isa = PBXFileReference; lastKnownFileType = sourcecode.swift; path = ButtonBarView.swift; sourceTree = "<group>"; };
		3D267CF62A4FCA6300A286B1 /* TDText.swift */ = {isa = PBXFileReference; lastKnownFileType = sourcecode.swift; path = TDText.swift; sourceTree = "<group>"; };
		3D6A9C862A57539700BCE2A1 /* InputBarView.swift */ = {isa = PBXFileReference; lastKnownFileType = sourcecode.swift; path = InputBarView.swift; sourceTree = "<group>"; };
		3DC62D852A5254B0001D5E6C /* StartScreen.swift */ = {isa = PBXFileReference; lastKnownFileType = sourcecode.swift; path = StartScreen.swift; sourceTree = "<group>"; };
		3DD646CE2A58B5DD007A44AA /* AdaptsToKeyboard.swift */ = {isa = PBXFileReference; lastKnownFileType = sourcecode.swift; path = AdaptsToKeyboard.swift; sourceTree = "<group>"; };
/* End PBXFileReference section */

/* Begin PBXFrameworksBuildPhase section */
		3D267CD82A4FC7F800A286B1 /* Frameworks */ = {
			isa = PBXFrameworksBuildPhase;
			buildActionMask = 2147483647;
			files = (
			);
			runOnlyForDeploymentPostprocessing = 0;
		};
/* End PBXFrameworksBuildPhase section */

/* Begin PBXGroup section */
		3D267CD22A4FC7F800A286B1 = {
			isa = PBXGroup;
			children = (
				3D267CDD2A4FC7F800A286B1 /* IAmRich */,
				3D267CDC2A4FC7F800A286B1 /* Products */,
			);
			sourceTree = "<group>";
		};
		3D267CDC2A4FC7F800A286B1 /* Products */ = {
			isa = PBXGroup;
			children = (
				3D267CDB2A4FC7F800A286B1 /* IAmRich.app */,
			);
			name = Products;
			sourceTree = "<group>";
		};
		3D267CDD2A4FC7F800A286B1 /* IAmRich */ = {
			isa = PBXGroup;
			children = (
				3D267CF02A4FC8DF00A286B1 /* Model */,
				3D267CEE2A4FC8B800A286B1 /* View */,
				3D267CDE2A4FC7F800A286B1 /* AppDelegate.swift */,
				3D267CE42A4FC7F900A286B1 /* Assets.xcassets */,
				3D267CE62A4FC7F900A286B1 /* Preview Content */,
			);
			path = IAmRich;
			sourceTree = "<group>";
		};
		3D267CE62A4FC7F900A286B1 /* Preview Content */ = {
			isa = PBXGroup;
			children = (
				3D267CE72A4FC7F900A286B1 /* Preview Assets.xcassets */,
			);
			path = "Preview Content";
			sourceTree = "<group>";
		};
		3D267CEE2A4FC8B800A286B1 /* View */ = {
			isa = PBXGroup;
			children = (
				3D267CE02A4FC7F800A286B1 /* ContentView.swift */,
				3D267CF22A4FC9F800A286B1 /* ARViewContainer.swift */,
				3D267CF42A4FCA2600A286B1 /* ButtonBarView.swift */,
				3DC62D852A5254B0001D5E6C /* StartScreen.swift */,
				3D6A9C862A57539700BCE2A1 /* InputBarView.swift */,
				3DD646CE2A58B5DD007A44AA /* AdaptsToKeyboard.swift */,
			);
			path = View;
			sourceTree = "<group>";
		};
		3D267CF02A4FC8DF00A286B1 /* Model */ = {
			isa = PBXGroup;
			children = (
				3D267CF62A4FCA6300A286B1 /* TDText.swift */,
			);
			path = Model;
			sourceTree = "<group>";
		};
/* End PBXGroup section */

/* Begin PBXNativeTarget section */
		3D267CDA2A4FC7F800A286B1 /* IAmRich */ = {
			isa = PBXNativeTarget;
			buildConfigurationList = 3D267CEB2A4FC7F900A286B1 /* Build configuration list for PBXNativeTarget "IAmRich" */;
			buildPhases = (
				3D267CD72A4FC7F800A286B1 /* Sources */,
				3D267CD82A4FC7F800A286B1 /* Frameworks */,
				3D267CD92A4FC7F800A286B1 /* Resources */,
			);
			buildRules = (
			);
			dependencies = (
			);
			name = IAmRich;
			productName = IAmRich;
			productReference = 3D267CDB2A4FC7F800A286B1 /* IAmRich.app */;
			productType = "com.apple.product-type.application";
		};
/* End PBXNativeTarget section */

/* Begin PBXProject section */
		3D267CD32A4FC7F800A286B1 /* Project object */ = {
			isa = PBXProject;
			attributes = {
				BuildIndependentTargetsInParallel = 1;
				LastSwiftUpdateCheck = 1420;
				LastUpgradeCheck = 1420;
				TargetAttributes = {
					3D267CDA2A4FC7F800A286B1 = {
						CreatedOnToolsVersion = 14.2;
					};
				};
			};
			buildConfigurationList = 3D267CD62A4FC7F800A286B1 /* Build configuration list for PBXProject "IAmRich" */;
			compatibilityVersion = "Xcode 14.0";
			developmentRegion = en;
			hasScannedForEncodings = 0;
			knownRegions = (
				en,
				Base,
			);
			mainGroup = 3D267CD22A4FC7F800A286B1;
			productRefGroup = 3D267CDC2A4FC7F800A286B1 /* Products */;
			projectDirPath = "";
			projectRoot = "";
			targets = (
				3D267CDA2A4FC7F800A286B1 /* IAmRich */,
			);
		};
/* End PBXProject section */

/* Begin PBXResourcesBuildPhase section */
		3D267CD92A4FC7F800A286B1 /* Resources */ = {
			isa = PBXResourcesBuildPhase;
			buildActionMask = 2147483647;
			files = (
				3D267CE82A4FC7F900A286B1 /* Preview Assets.xcassets in Resources */,
				3D267CE52A4FC7F900A286B1 /* Assets.xcassets in Resources */,
			);
			runOnlyForDeploymentPostprocessing = 0;
		};
/* End PBXResourcesBuildPhase section */

/* Begin PBXSourcesBuildPhase section */
		3D267CD72A4FC7F800A286B1 /* Sources */ = {
			isa = PBXSourcesBuildPhase;
			buildActionMask = 2147483647;
			files = (
				3D267CF52A4FCA2600A286B1 /* ButtonBarView.swift in Sources */,
				3D267CE12A4FC7F800A286B1 /* ContentView.swift in Sources */,
				3D267CF32A4FC9F800A286B1 /* ARViewContainer.swift in Sources */,
				3DC62D862A5254B0001D5E6C /* StartScreen.swift in Sources */,
				3D267CF72A4FCA6300A286B1 /* TDText.swift in Sources */,
				3DD646CF2A58B5DD007A44AA /* AdaptsToKeyboard.swift in Sources */,
				3D6A9C872A57539700BCE2A1 /* InputBarView.swift in Sources */,
				3D267CDF2A4FC7F800A286B1 /* AppDelegate.swift in Sources */,
			);
			runOnlyForDeploymentPostprocessing = 0;
		};
/* End PBXSourcesBuildPhase section */

/* Begin XCBuildConfiguration section */
		3D267CE92A4FC7F900A286B1 /* Debug */ = {
			isa = XCBuildConfiguration;
			buildSettings = {
				ALWAYS_SEARCH_USER_PATHS = NO;
				CLANG_ANALYZER_NONNULL = YES;
				CLANG_ANALYZER_NUMBER_OBJECT_CONVERSION = YES_AGGRESSIVE;
				CLANG_CXX_LANGUAGE_STANDARD = "gnu++20";
				CLANG_ENABLE_MODULES = YES;
				CLANG_ENABLE_OBJC_ARC = YES;
				CLANG_ENABLE_OBJC_WEAK = YES;
				CLANG_WARN_BLOCK_CAPTURE_AUTORELEASING = YES;
				CLANG_WARN_BOOL_CONVERSION = YES;
				CLANG_WARN_COMMA = YES;
				CLANG_WARN_CONSTANT_CONVERSION = YES;
				CLANG_WARN_DEPRECATED_OBJC_IMPLEMENTATIONS = YES;
				CLANG_WARN_DIRECT_OBJC_ISA_USAGE = YES_ERROR;
				CLANG_WARN_DOCUMENTATION_COMMENTS = YES;
				CLANG_WARN_EMPTY_BODY = YES;
				CLANG_WARN_ENUM_CONVERSION = YES;
				CLANG_WARN_INFINITE_RECURSION = YES;
				CLANG_WARN_INT_CONVERSION = YES;
				CLANG_WARN_NON_LITERAL_NULL_CONVERSION = YES;
				CLANG_WARN_OBJC_IMPLICIT_RETAIN_SELF = YES;
				CLANG_WARN_OBJC_LITERAL_CONVERSION = YES;
				CLANG_WARN_OBJC_ROOT_CLASS = YES_ERROR;
				CLANG_WARN_QUOTED_INCLUDE_IN_FRAMEWORK_HEADER = YES;
				CLANG_WARN_RANGE_LOOP_ANALYSIS = YES;
				CLANG_WARN_STRICT_PROTOTYPES = YES;
				CLANG_WARN_SUSPICIOUS_MOVE = YES;
				CLANG_WARN_UNGUARDED_AVAILABILITY = YES_AGGRESSIVE;
				CLANG_WARN_UNREACHABLE_CODE = YES;
				CLANG_WARN__DUPLICATE_METHOD_MATCH = YES;
				COPY_PHASE_STRIP = NO;
				DEBUG_INFORMATION_FORMAT = dwarf;
				ENABLE_STRICT_OBJC_MSGSEND = YES;
				ENABLE_TESTABILITY = YES;
				GCC_C_LANGUAGE_STANDARD = gnu11;
				GCC_DYNAMIC_NO_PIC = NO;
				GCC_NO_COMMON_BLOCKS = YES;
				GCC_OPTIMIZATION_LEVEL = 0;
				GCC_PREPROCESSOR_DEFINITIONS = (
					"DEBUG=1",
					"$(inherited)",
				);
				GCC_WARN_64_TO_32_BIT_CONVERSION = YES;
				GCC_WARN_ABOUT_RETURN_TYPE = YES_ERROR;
				GCC_WARN_UNDECLARED_SELECTOR = YES;
				GCC_WARN_UNINITIALIZED_AUTOS = YES_AGGRESSIVE;
				GCC_WARN_UNUSED_FUNCTION = YES;
				GCC_WARN_UNUSED_VARIABLE = YES;
				IPHONEOS_DEPLOYMENT_TARGET = 16.2;
				MTL_ENABLE_DEBUG_INFO = INCLUDE_SOURCE;
				MTL_FAST_MATH = YES;
				ONLY_ACTIVE_ARCH = YES;
				SDKROOT = iphoneos;
				SWIFT_ACTIVE_COMPILATION_CONDITIONS = DEBUG;
				SWIFT_OPTIMIZATION_LEVEL = "-Onone";
			};
			name = Debug;
		};
		3D267CEA2A4FC7F900A286B1 /* Release */ = {
			isa = XCBuildConfiguration;
			buildSettings = {
				ALWAYS_SEARCH_USER_PATHS = NO;
				CLANG_ANALYZER_NONNULL = YES;
				CLANG_ANALYZER_NUMBER_OBJECT_CONVERSION = YES_AGGRESSIVE;
				CLANG_CXX_LANGUAGE_STANDARD = "gnu++20";
				CLANG_ENABLE_MODULES = YES;
				CLANG_ENABLE_OBJC_ARC = YES;
				CLANG_ENABLE_OBJC_WEAK = YES;
				CLANG_WARN_BLOCK_CAPTURE_AUTORELEASING = YES;
				CLANG_WARN_BOOL_CONVERSION = YES;
				CLANG_WARN_COMMA = YES;
				CLANG_WARN_CONSTANT_CONVERSION = YES;
				CLANG_WARN_DEPRECATED_OBJC_IMPLEMENTATIONS = YES;
				CLANG_WARN_DIRECT_OBJC_ISA_USAGE = YES_ERROR;
				CLANG_WARN_DOCUMENTATION_COMMENTS = YES;
				CLANG_WARN_EMPTY_BODY = YES;
				CLANG_WARN_ENUM_CONVERSION = YES;
				CLANG_WARN_INFINITE_RECURSION = YES;
				CLANG_WARN_INT_CONVERSION = YES;
				CLANG_WARN_NON_LITERAL_NULL_CONVERSION = YES;
				CLANG_WARN_OBJC_IMPLICIT_RETAIN_SELF = YES;
				CLANG_WARN_OBJC_LITERAL_CONVERSION = YES;
				CLANG_WARN_OBJC_ROOT_CLASS = YES_ERROR;
				CLANG_WARN_QUOTED_INCLUDE_IN_FRAMEWORK_HEADER = YES;
				CLANG_WARN_RANGE_LOOP_ANALYSIS = YES;
				CLANG_WARN_STRICT_PROTOTYPES = YES;
				CLANG_WARN_SUSPICIOUS_MOVE = YES;
				CLANG_WARN_UNGUARDED_AVAILABILITY = YES_AGGRESSIVE;
				CLANG_WARN_UNREACHABLE_CODE = YES;
				CLANG_WARN__DUPLICATE_METHOD_MATCH = YES;
				COPY_PHASE_STRIP = NO;
				DEBUG_INFORMATION_FORMAT = "dwarf-with-dsym";
				ENABLE_NS_ASSERTIONS = NO;
				ENABLE_STRICT_OBJC_MSGSEND = YES;
				GCC_C_LANGUAGE_STANDARD = gnu11;
				GCC_NO_COMMON_BLOCKS = YES;
				GCC_WARN_64_TO_32_BIT_CONVERSION = YES;
				GCC_WARN_ABOUT_RETURN_TYPE = YES_ERROR;
				GCC_WARN_UNDECLARED_SELECTOR = YES;
				GCC_WARN_UNINITIALIZED_AUTOS = YES_AGGRESSIVE;
				GCC_WARN_UNUSED_FUNCTION = YES;
				GCC_WARN_UNUSED_VARIABLE = YES;
				IPHONEOS_DEPLOYMENT_TARGET = 16.2;
				MTL_ENABLE_DEBUG_INFO = NO;
				MTL_FAST_MATH = YES;
				SDKROOT = iphoneos;
				SWIFT_COMPILATION_MODE = wholemodule;
				SWIFT_OPTIMIZATION_LEVEL = "-O";
				VALIDATE_PRODUCT = YES;
			};
			name = Release;
		};
		3D267CEC2A4FC7F900A286B1 /* Debug */ = {
			isa = XCBuildConfiguration;
			buildSettings = {
				ASSETCATALOG_COMPILER_APPICON_NAME = AppIcon;
				ASSETCATALOG_COMPILER_GLOBAL_ACCENT_COLOR_NAME = AccentColor;
				CODE_SIGN_STYLE = Automatic;
				CURRENT_PROJECT_VERSION = 1;
				DEVELOPMENT_ASSET_PATHS = "\"IAmRich/Preview Content\"";
				DEVELOPMENT_TEAM = MFX5W83282;
				ENABLE_PREVIEWS = YES;
				GENERATE_INFOPLIST_FILE = YES;
				INFOPLIST_KEY_CFBundleDisplayName = "AR I Am Rich";
				INFOPLIST_KEY_LSApplicationCategoryType = "public.app-category.photography";
				INFOPLIST_KEY_NSCameraUsageDescription = "Your camera is used to run Augmented Reality";
				INFOPLIST_KEY_NSPhotoLibraryUsageDescription = "Your photo library is used to save the AR photo.";
				INFOPLIST_KEY_UIApplicationSupportsIndirectInputEvents = YES;
				INFOPLIST_KEY_UILaunchScreen_Generation = YES;
				INFOPLIST_KEY_UIRequiredDeviceCapabilities = arkit;
				INFOPLIST_KEY_UIRequiresFullScreen = YES;
				INFOPLIST_KEY_UIStatusBarHidden = YES;
				INFOPLIST_KEY_UISupportedInterfaceOrientations = UIInterfaceOrientationPortrait;
				IPHONEOS_DEPLOYMENT_TARGET = 13.0;
				LD_RUNPATH_SEARCH_PATHS = (
					"$(inherited)",
					"@executable_path/Frameworks",
				);
				MARKETING_VERSION = 1.0;
				PRODUCT_BUNDLE_IDENTIFIER = com.davidyang.IAmRich;
				PRODUCT_NAME = "$(TARGET_NAME)";
				SWIFT_EMIT_LOC_STRINGS = YES;
				SWIFT_VERSION = 5.0;
				TARGETED_DEVICE_FAMILY = "1,2";
			};
			name = Debug;
		};
		3D267CED2A4FC7F900A286B1 /* Release */ = {
			isa = XCBuildConfiguration;
			buildSettings = {
				ASSETCATALOG_COMPILER_APPICON_NAME = AppIcon;
				ASSETCATALOG_COMPILER_GLOBAL_ACCENT_COLOR_NAME = AccentColor;
				CODE_SIGN_STYLE = Automatic;
				CURRENT_PROJECT_VERSION = 1;
				DEVELOPMENT_ASSET_PATHS = "\"IAmRich/Preview Content\"";
				DEVELOPMENT_TEAM = MFX5W83282;
				ENABLE_PREVIEWS = YES;
				GENERATE_INFOPLIST_FILE = YES;
				INFOPLIST_KEY_CFBundleDisplayName = "AR I Am Rich";
				INFOPLIST_KEY_LSApplicationCategoryType = "public.app-category.photography";
				INFOPLIST_KEY_NSCameraUsageDescription = "Your camera is used to run Augmented Reality";
				INFOPLIST_KEY_NSPhotoLibraryUsageDescription = "Your photo library is used to save the AR photo.";
				INFOPLIST_KEY_UIApplicationSupportsIndirectInputEvents = YES;
				INFOPLIST_KEY_UILaunchScreen_Generation = YES;
				INFOPLIST_KEY_UIRequiredDeviceCapabilities = arkit;
				INFOPLIST_KEY_UIRequiresFullScreen = YES;
				INFOPLIST_KEY_UIStatusBarHidden = YES;
				INFOPLIST_KEY_UISupportedInterfaceOrientations = UIInterfaceOrientationPortrait;
				IPHONEOS_DEPLOYMENT_TARGET = 13.0;
				LD_RUNPATH_SEARCH_PATHS = (
					"$(inherited)",
					"@executable_path/Frameworks",
				);
				MARKETING_VERSION = 1.0;
				PRODUCT_BUNDLE_IDENTIFIER = com.davidyang.IAmRich;
				PRODUCT_NAME = "$(TARGET_NAME)";
				SWIFT_EMIT_LOC_STRINGS = YES;
				SWIFT_VERSION = 5.0;
				TARGETED_DEVICE_FAMILY = "1,2";
			};
			name = Release;
		};
/* End XCBuildConfiguration section */

/* Begin XCConfigurationList section */
		3D267CD62A4FC7F800A286B1 /* Build configuration list for PBXProject "IAmRich" */ = {
			isa = XCConfigurationList;
			buildConfigurations = (
				3D267CE92A4FC7F900A286B1 /* Debug */,
				3D267CEA2A4FC7F900A286B1 /* Release */,
			);
			defaultConfigurationIsVisible = 0;
			defaultConfigurationName = Release;
		};
		3D267CEB2A4FC7F900A286B1 /* Build configuration list for PBXNativeTarget "IAmRich" */ = {
			isa = XCConfigurationList;
			buildConfigurations = (
				3D267CEC2A4FC7F900A286B1 /* Debug */,
				3D267CED2A4FC7F900A286B1 /* Release */,
			);
			defaultConfigurationIsVisible = 0;
			defaultConfigurationName = Release;
		};
/* End XCConfigurationList section */
	};
	rootObject = 3D267CD32A4FC7F800A286B1 /* Project object */;
}
